
Microsoft Visual Studio Solution File, Format Version 12.00
# Visual Studio 15
VisualStudioVersion = 15.0.28307.902
MinimumVisualStudioVersion = 10.0.40219.1
Project("{8BC9CEB8-8B4A-11D0-8D11-00A0C91BC942}") = "nthello", "nthello\nthello.vcxproj", "{BAEF69A8-2325-4A0C-83E2-BB8088087B7D}"
EndProject
Project("{8BC9CEB8-8B4A-11D0-8D11-00A0C91BC942}") = "bvidcelo", "bvidcelo\bvidcelo.vcxproj", "{F7B0F06B-8ED6-4320-8373-2E3406F4C445}"
EndProject
Project("{8BC9CEB8-8B4A-11D0-8D11-00A0C91BC942}") = "ntkeybin", "ntkeybin\ntkeybin.vcxproj", "{95BD36A4-0B6A-46BF-8D2E-8B9464123C01}"
EndProject
Project("{8BC9CEB8-8B4A-11D0-8D11-00A0C91BC942}") = "ntgfx", "ntgfx\ntgfx.vcxproj", "{F03AC8F4-86C0-4F84-B531-30FDAEE1453B}"
EndProject
Global
	GlobalSection(SolutionConfigurationPlatforms) = preSolution
		Debug|x64 = Debug|x64
		Debug|x86 = Debug|x86
		Release|x64 = Release|x64
		Release|x86 = Release|x86
	EndGlobalSection
	GlobalSection(ProjectConfigurationPlatforms) = postSolution
		{BAEF69A8-2325-4A0C-83E2-BB8088087B7D}.Debug|x64.ActiveCfg = Debug|x64
		{BAEF69A8-2325-4A0C-83E2-BB8088087B7D}.Debug|x64.Build.0 = Debug|x64
		{BAEF69A8-2325-4A0C-83E2-BB8088087B7D}.Debug|x86.ActiveCfg = Debug|Win32
		{BAEF69A8-2325-4A0C-83E2-BB8088087B7D}.Debug|x86.Build.0 = Debug|Win32
		{BAEF69A8-2325-4A0C-83E2-BB8088087B7D}.Release|x64.ActiveCfg = Release|x64
		{BAEF69A8-2325-4A0C-83E2-BB8088087B7D}.Release|x64.Build.0 = Release|x64
		{BAEF69A8-2325-4A0C-83E2-BB8088087B7D}.Release|x86.ActiveCfg = Release|Win32
		{BAEF69A8-2325-4A0C-83E2-BB8088087B7D}.Release|x86.Build.0 = Release|Win32
		{F7B0F06B-8ED6-4320-8373-2E3406F4C445}.Debug|x64.ActiveCfg = Debug|x64
		{F7B0F06B-8ED6-4320-8373-2E3406F4C445}.Debug|x64.Build.0 = Debug|x64
		{F7B0F06B-8ED6-4320-8373-2E3406F4C445}.Debug|x64.Deploy.0 = Debug|x64
		{F7B0F06B-8ED6-4320-8373-2E3406F4C445}.Debug|x86.ActiveCfg = Debug|Win32
		{F7B0F06B-8ED6-4320-8373-2E3406F4C445}.Debug|x86.Build.0 = Debug|Win32
		{F7B0F06B-8ED6-4320-8373-2E3406F4C445}.Debug|x86.Deploy.0 = Debug|Win32
		{F7B0F06B-8ED6-4320-8373-2E3406F4C445}.Release|x64.ActiveCfg = Release|x64
		{F7B0F06B-8ED6-4320-8373-2E3406F4C445}.Release|x64.Build.0 = Release|x64
		{F7B0F06B-8ED6-4320-8373-2E3406F4C445}.Release|x64.Deploy.0 = Release|x64
		{F7B0F06B-8ED6-4320-8373-2E3406F4C445}.Release|x86.ActiveCfg = Release|Win32
		{F7B0F06B-8ED6-4320-8373-2E3406F4C445}.Release|x86.Build.0 = Release|Win32
		{F7B0F06B-8ED6-4320-8373-2E3406F4C445}.Release|x86.Deploy.0 = Release|Win32
		{95BD36A4-0B6A-46BF-8D2E-8B9464123C01}.Debug|x64.ActiveCfg = Debug|x64
		{95BD36A4-0B6A-46BF-8D2E-8B9464123C01}.Debug|x64.Build.0 = Debug|x64
		{95BD36A4-0B6A-46BF-8D2E-8B9464123C01}.Debug|x86.ActiveCfg = Debug|Win32
		{95BD36A4-0B6A-46BF-8D2E-8B9464123C01}.Debug|x86.Build.0 = Debug|Win32
		{95BD36A4-0B6A-46BF-8D2E-8B9464123C01}.Release|x64.ActiveCfg = Release|x64
		{95BD36A4-0B6A-46BF-8D2E-8B9464123C01}.Release|x64.Build.0 = Release|x64
		{95BD36A4-0B6A-46BF-8D2E-8B9464123C01}.Release|x86.ActiveCfg = Release|Win32
		{95BD36A4-0B6A-46BF-8D2E-8B9464123C01}.Release|x86.Build.0 = Release|Win32
		{F03AC8F4-86C0-4F84-B531-30FDAEE1453B}.Debug|x64.ActiveCfg = Debug|x64
		{F03AC8F4-86C0-4F84-B531-30FDAEE1453B}.Debug|x64.Build.0 = Debug|x64
		{F03AC8F4-86C0-4F84-B531-30FDAEE1453B}.Debug|x86.ActiveCfg = Debug|Win32
		{F03AC8F4-86C0-4F84-B531-30FDAEE1453B}.Debug|x86.Build.0 = Debug|Win32
		{F03AC8F4-86C0-4F84-B531-30FDAEE1453B}.Release|x64.ActiveCfg = Release|x64
		{F03AC8F4-86C0-4F84-B531-30FDAEE1453B}.Release|x64.Build.0 = Release|x64
		{F03AC8F4-86C0-4F84-B531-30FDAEE1453B}.Release|x86.ActiveCfg = Release|Win32
		{F03AC8F4-86C0-4F84-B531-30FDAEE1453B}.Release|x86.Build.0 = Release|Win32
	EndGlobalSection
	GlobalSection(SolutionProperties) = preSolution
		HideSolutionNode = FALSE
	EndGlobalSection
	GlobalSection(ExtensibilityGlobals) = postSolution
		SolutionGuid = {FC9ABB2E-950E-4E6C-B5E6-AD1855F09654}
	EndGlobalSection
EndGlobal
