
Microsoft Visual Studio Solution File, Format Version 12.00
# Visual Studio Version 16
VisualStudioVersion = 16.0.29326.143
MinimumVisualStudioVersion = 10.0.40219.1
Project("{8BC9CEB8-8B4A-11D0-8D11-00A0C91BC942}") = "nthello", "nthello\nthello.vcxproj", "{BAEF69A8-2325-4A0C-83E2-BB8088087B7D}"
EndProject
Project("{8BC9CEB8-8B4A-11D0-8D11-00A0C91BC942}") = "bvidcelo", "bvidcelo\bvidcelo.vcxproj", "{F7B0F06B-8ED6-4320-8373-2E3406F4C445}"
EndProject
Global
	GlobalSection(SharedMSBuildProjectFiles) = preSolution
		common\common.vcxitems*{2eabfbf5-7776-4aa1-bd19-29d35ef89753}*SharedItemsImports = 9
	EndGlobalSection
	GlobalSection(SolutionConfigurationPlatforms) = preSolution
		Debug|ARM = Debug|ARM
		Debug|ARM64 = Debug|ARM64
		Debug|x64 = Debug|x64
		Debug|x86 = Debug|x86
		Release|ARM = Release|ARM
		Release|ARM64 = Release|ARM64
		Release|x64 = Release|x64
		Release|x86 = Release|x86
	EndGlobalSection
	GlobalSection(ProjectConfigurationPlatforms) = postSolution
		{BAEF69A8-2325-4A0C-83E2-BB8088087B7D}.Debug|ARM.ActiveCfg = Debug|Win32
		{BAEF69A8-2325-4A0C-83E2-BB8088087B7D}.Debug|ARM64.ActiveCfg = Debug|Win32
		{BAEF69A8-2325-4A0C-83E2-BB8088087B7D}.Debug|x64.ActiveCfg = Debug|x64
		{BAEF69A8-2325-4A0C-83E2-BB8088087B7D}.Debug|x64.Build.0 = Debug|x64
		{BAEF69A8-2325-4A0C-83E2-BB8088087B7D}.Debug|x86.ActiveCfg = Debug|Win32
		{BAEF69A8-2325-4A0C-83E2-BB8088087B7D}.Debug|x86.Build.0 = Debug|Win32
		{BAEF69A8-2325-4A0C-83E2-BB8088087B7D}.Release|ARM.ActiveCfg = Release|Win32
		{BAEF69A8-2325-4A0C-83E2-BB8088087B7D}.Release|ARM64.ActiveCfg = Release|Win32
		{BAEF69A8-2325-4A0C-83E2-BB8088087B7D}.Release|x64.ActiveCfg = Release|x64
		{BAEF69A8-2325-4A0C-83E2-BB8088087B7D}.Release|x64.Build.0 = Release|x64
		{BAEF69A8-2325-4A0C-83E2-BB8088087B7D}.Release|x86.ActiveCfg = Release|Win32
		{BAEF69A8-2325-4A0C-83E2-BB8088087B7D}.Release|x86.Build.0 = Release|Win32
		{F7B0F06B-8ED6-4320-8373-2E3406F4C445}.Debug|ARM.ActiveCfg = Debug|Win32
		{F7B0F06B-8ED6-4320-8373-2E3406F4C445}.Debug|ARM64.ActiveCfg = Debug|Win32
		{F7B0F06B-8ED6-4320-8373-2E3406F4C445}.Debug|x64.ActiveCfg = Debug|x64
		{F7B0F06B-8ED6-4320-8373-2E3406F4C445}.Debug|x64.Build.0 = Debug|x64
		{F7B0F06B-8ED6-4320-8373-2E3406F4C445}.Debug|x64.Deploy.0 = Debug|x64
		{F7B0F06B-8ED6-4320-8373-2E3406F4C445}.Debug|x86.ActiveCfg = Debug|Win32
		{F7B0F06B-8ED6-4320-8373-2E3406F4C445}.Debug|x86.Build.0 = Debug|Win32
		{F7B0F06B-8ED6-4320-8373-2E3406F4C445}.Debug|x86.Deploy.0 = Debug|Win32
		{F7B0F06B-8ED6-4320-8373-2E3406F4C445}.Release|ARM.ActiveCfg = Release|Win32
		{F7B0F06B-8ED6-4320-8373-2E3406F4C445}.Release|ARM64.ActiveCfg = Release|Win32
		{F7B0F06B-8ED6-4320-8373-2E3406F4C445}.Release|x64.ActiveCfg = Release|x64
		{F7B0F06B-8ED6-4320-8373-2E3406F4C445}.Release|x64.Build.0 = Release|x64
		{F7B0F06B-8ED6-4320-8373-2E3406F4C445}.Release|x64.Deploy.0 = Release|x64
		{F7B0F06B-8ED6-4320-8373-2E3406F4C445}.Release|x86.ActiveCfg = Release|Win32
		{F7B0F06B-8ED6-4320-8373-2E3406F4C445}.Release|x86.Build.0 = Release|Win32
		{F7B0F06B-8ED6-4320-8373-2E3406F4C445}.Release|x86.Deploy.0 = Release|Win32
	EndGlobalSection
	GlobalSection(SolutionProperties) = preSolution
		HideSolutionNode = FALSE
	EndGlobalSection
	GlobalSection(ExtensibilityGlobals) = postSolution
		SolutionGuid = {FC9ABB2E-950E-4E6C-B5E6-AD1855F09654}
	EndGlobalSection
EndGlobal
